
Microsoft Visual Studio Solution File, Format Version 12.00
# Visual Studio Version 17
VisualStudioVersion = 17.0.31903.59
MinimumVisualStudioVersion = 10.0.40219.1
Project("{FAE04EC0-301F-11D3-BF4B-00C04F79EFBC}") = "northwind-aspnet-hotwire", "web\northwind-aspnet-hotwire.csproj", "{BE0C5747-618D-403A-B9E6-819A5B258DC7}"
EndProject
Global
	GlobalSection(SolutionConfigurationPlatforms) = preSolution
		Debug|Any CPU = Debug|Any CPU
		Release|Any CPU = Release|Any CPU
	EndGlobalSection
	GlobalSection(SolutionProperties) = preSolution
		HideSolutionNode = FALSE
	EndGlobalSection
	GlobalSection(ProjectConfigurationPlatforms) = postSolution
		{BE0C5747-618D-403A-B9E6-819A5B258DC7}.Debug|Any CPU.ActiveCfg = Debug|Any CPU
		{BE0C5747-618D-403A-B9E6-819A5B258DC7}.Debug|Any CPU.Build.0 = Debug|Any CPU
		{BE0C5747-618D-403A-B9E6-819A5B258DC7}.Release|Any CPU.ActiveCfg = Release|Any CPU
		{BE0C5747-618D-403A-B9E6-819A5B258DC7}.Release|Any CPU.Build.0 = Release|Any CPU
	EndGlobalSection
EndGlobal
